# THIS IS AN AUTOGENERATED FILE. DO NOT EDIT THIS FILE DIRECTLY.
# yarn lockfile v1


"@babel/parser@^7.23.5":
  version "7.24.7"
  resolved "https://registry.npmjs.org/@babel/parser/-/parser-7.24.7.tgz"
  integrity sha512-9uUYRm6OqQrCqQdG1iCBwBPZgN8ciDBro2nIOFaiRz1/BCxaI7CNvQbDHvsArAC7Tw9Hda/B3U+6ui9u4HWXPw==

"@babel/runtime@^7.21.0":
  version "7.24.7"
  resolved "https://registry.npmjs.org/@babel/runtime/-/runtime-7.24.7.tgz"
  integrity sha512-UwgBRMjJP+xv857DCngvqXI3Iq6J4v0wXmwc6sapg+zyhbwmQX67LUEFrkK5tbyJ30jGuG3ZvWpBiB9LCy1kWw==
  dependencies:
    regenerator-runtime "^0.14.0"

"@fortawesome/fontawesome-common-types@6.5.2":
  version "6.5.2"
  resolved "https://registry.npmjs.org/@fortawesome/fontawesome-common-types/-/fontawesome-common-types-6.5.2.tgz"
  integrity sha512-gBxPg3aVO6J0kpfHNILc+NMhXnqHumFxOmjYCFfOiLZfwhnnfhtsdA2hfJlDnj+8PjAs6kKQPenOTKj3Rf7zHw==

"@fortawesome/fontawesome-svg-core@^6.5.2", "@fortawesome/fontawesome-svg-core@~1 || ~6":
  version "6.5.2"
  resolved "https://registry.npmjs.org/@fortawesome/fontawesome-svg-core/-/fontawesome-svg-core-6.5.2.tgz"
  integrity sha512-5CdaCBGl8Rh9ohNdxeeTMxIj8oc3KNBgIeLMvJosBMdslK/UnEB8rzyDRrbKdL1kDweqBPo4GT9wvnakHWucZw==
  dependencies:
    "@fortawesome/fontawesome-common-types" "6.5.2"

"@fortawesome/free-regular-svg-icons@^6.5.2":
  version "6.5.2"
  resolved "https://registry.npmjs.org/@fortawesome/free-regular-svg-icons/-/free-regular-svg-icons-6.5.2.tgz"
  integrity sha512-iabw/f5f8Uy2nTRtJ13XZTS1O5+t+anvlamJ3zJGLEVE2pKsAWhPv2lq01uQlfgCX7VaveT3EVs515cCN9jRbw==
  dependencies:
    "@fortawesome/fontawesome-common-types" "6.5.2"

"@fortawesome/free-solid-svg-icons@^6.5.2":
  version "6.5.2"
  resolved "https://registry.npmjs.org/@fortawesome/free-solid-svg-icons/-/free-solid-svg-icons-6.5.2.tgz"
  integrity sha512-QWFZYXFE7O1Gr1dTIp+D6UcFUF0qElOnZptpi7PBUMylJh+vFmIedVe1Ir6RM1t2tEQLLSV1k7bR4o92M+uqlw==
  dependencies:
    "@fortawesome/fontawesome-common-types" "6.5.2"

"@fortawesome/vue-fontawesome@^2.0.10":
  version "2.0.10"
  resolved "https://registry.npmjs.org/@fortawesome/vue-fontawesome/-/vue-fontawesome-2.0.10.tgz"
  integrity sha512-OTETSXz+3ygD2OK2/vy82cmUBpuJqeOAg4gfnnv+f2Rir1tDIhQg026Q3NQxznq83ZLz8iNqGG9XJm26inpDeg==

"@types/chart.js@^2.7.55":
  version "2.9.41"
  resolved "https://registry.npmjs.org/@types/chart.js/-/chart.js-2.9.41.tgz"
  integrity sha512-3dvkDvueckY83UyUXtJMalYoH6faOLkWQoaTlJgB4Djde3oORmNP0Jw85HtzTuXyliUHcdp704s0mZFQKio/KQ==
  dependencies:
    moment "^2.10.2"

"@vue/compiler-sfc@2.7.16":
  version "2.7.16"
  resolved "https://registry.npmjs.org/@vue/compiler-sfc/-/compiler-sfc-2.7.16.tgz"
  integrity sha512-KWhJ9k5nXuNtygPU7+t1rX6baZeqOYLEforUPjgNDBnLicfHCoi48H87Q8XyLZOrNNsmhuwKqtpDQWjEFe6Ekg==
  dependencies:
    "@babel/parser" "^7.23.5"
    postcss "^8.4.14"
    source-map "^0.6.1"
  optionalDependencies:
    prettier "^1.18.2 || ^2.0.0"

asynckit@^0.4.0:
  version "0.4.0"
  resolved "https://registry.npmjs.org/asynckit/-/asynckit-0.4.0.tgz"
  integrity sha512-Oei9OH4tRh0YqU3GxhX79dM/mwVgvbZJaSNaRk+bshkj0S5cfHcgYakreBjrHwatXKbz+IoIdYLxrKim2MjW0Q==

axios@^1.6.0:
  version "1.7.2"
  resolved "https://registry.npmjs.org/axios/-/axios-1.7.2.tgz"
  integrity sha512-2A8QhOMrbomlDuiLeK9XibIBzuHeRcqqNOHp0Cyp5EoJ1IFDh+XZH3A6BkXtv0K4gFGCI0Y4BM7B1wOEi0Rmgw==
  dependencies:
    follow-redirects "^1.15.6"
    form-data "^4.0.0"
    proxy-from-env "^1.1.0"

buefy@^0.9.25:
  version "0.9.29"
  resolved "https://registry.npmjs.org/buefy/-/buefy-0.9.29.tgz"
  integrity sha512-iJutB/ezTQcxqcKvKz129DzomMjNRGdy23lJBtoFQBG//2NveTcPkN/VRUF70z2WH3JB/5nmVeoxr8QOPcs42w==
  dependencies:
    bulma "0.9.4"

bulma@0.9.4:
  version "0.9.4"
  resolved "https://registry.npmjs.org/bulma/-/bulma-0.9.4.tgz"
  integrity sha512-86FlT5+1GrsgKbPLRRY7cGDg8fsJiP/jzTqXXVqiUZZ2aZT8uemEOHlU1CDU+TxklPEZ11HZNNWclRBBecP4CQ==

chart.js@^2.9.4, "chart.js@>= 2.5":
  version "2.9.4"
  resolved "https://registry.npmjs.org/chart.js/-/chart.js-2.9.4.tgz"
  integrity sha512-B07aAzxcrikjAPyV+01j7BmOpxtQETxTSlQ26BEYJ+3iUkbNKaOJ/nDbT6JjyqYxseM0ON12COHYdU2cTIjC7A==
  dependencies:
    chartjs-color "^2.1.0"
    moment "^2.10.2"

chartjs-color-string@^0.6.0:
  version "0.6.0"
  resolved "https://registry.npmjs.org/chartjs-color-string/-/chartjs-color-string-0.6.0.tgz"
  integrity sha512-TIB5OKn1hPJvO7JcteW4WY/63v6KwEdt6udfnDE9iCAZgy+V4SrbSxoIbTw/xkUIapjEI4ExGtD0+6D3KyFd7A==
  dependencies:
    color-name "^1.0.0"

chartjs-color@^2.1.0:
  version "2.4.1"
  resolved "https://registry.npmjs.org/chartjs-color/-/chartjs-color-2.4.1.tgz"
  integrity sha512-haqOg1+Yebys/Ts/9bLo/BqUcONQOdr/hoEr2LLTRl6C5LXctUdHxsCYfvQVg5JIxITrfCNUDr4ntqmQk9+/0w==
  dependencies:
    chartjs-color-string "^0.6.0"
    color-convert "^1.9.3"

color-convert@^1.9.3:
  version "1.9.3"
  resolved "https://registry.npmjs.org/color-convert/-/color-convert-1.9.3.tgz"
  integrity sha512-QfAUtd+vFdAtFQcC8CCyYt1fYWxSqAiK2cSD6zDB8N3cpsEBAvRxp9zOGg6G/SHHJYAT88/az/IuDGALsNVbGg==
  dependencies:
    color-name "1.1.3"

color-name@^1.0.0:
  version "1.1.4"
  resolved "https://registry.npmjs.org/color-name/-/color-name-1.1.4.tgz"
  integrity sha512-dOy+3AuW3a2wNbZHIuMZpTcgjGuLU/uBL/ubcZF9OXbDo8ff4O8yVp5Bf0efS8uEoYo5q4Fx7dY9OgQGXgAsQA==

color-name@1.1.3:
  version "1.1.3"
  resolved "https://registry.npmjs.org/color-name/-/color-name-1.1.3.tgz"
  integrity sha512-72fSenhMw2HZMTVHeCA9KCmpEIbzWiQsjN+BHcBbS9vr1mtt+vJjPdksIBNUmKAW8TFUDPJK5SUU3QhE9NEXDw==

combined-stream@^1.0.8:
  version "1.0.8"
  resolved "https://registry.npmjs.org/combined-stream/-/combined-stream-1.0.8.tgz"
  integrity sha512-FQN4MRfuJeHf7cBbBMJFXhKSDq+2kAArBlmRBvcvFE5BB1HZKXtSFASDhdlz9zOYwxh8lDdnvmMOe/+5cdoEdg==
  dependencies:
    delayed-stream "~1.0.0"

core-js@^3.33.2:
  version "3.37.1"
  resolved "https://registry.npmjs.org/core-js/-/core-js-3.37.1.tgz"
  integrity sha512-Xn6qmxrQZyB0FFY8E3bgRXei3lWDJHhvI+u0q9TKIYM49G8pAr0FgnnrFRAmsbptZL1yxRADVXn+x5AGsbBfyw==

countup.js@^2.8.0, countup.js@latest:
  version "2.8.0"
  resolved "https://registry.npmjs.org/countup.js/-/countup.js-2.8.0.tgz"
  integrity sha512-f7xEhX0awl4NOElHulrl4XRfKoNH3rB+qfNSZZyjSZhaAoUk6elvhH+MNxMmlmuUJ2/QNTWPSA7U4mNtIAKljQ==

csstype@^3.1.0:
  version "3.1.3"
  resolved "https://registry.npmjs.org/csstype/-/csstype-3.1.3.tgz"
  integrity sha512-M1uQkMl8rQK/szD0LNhtqxIPLpimGm8sOBwU7lLnCpSbTyY3yeU1Vc7l4KT5zT4s/yOxHH5O7tIuuLOCnLADRw==

date-fns@^2.30.0:
  version "2.30.0"
  resolved "https://registry.npmjs.org/date-fns/-/date-fns-2.30.0.tgz"
  integrity sha512-fnULvOpxnC5/Vg3NCiWelDsLiUc9bRwAPs/+LfTLNvetFCtCTN+yQz15C/fs4AwX1R9K5GLtLfn8QW+dWisaAw==
  dependencies:
    "@babel/runtime" "^7.21.0"

deepmerge@^4.2.2:
  version "4.3.1"
  resolved "https://registry.npmjs.org/deepmerge/-/deepmerge-4.3.1.tgz"
  integrity sha512-3sUqbMEc77XqpdNO7FRyRog+eW3ph+GYCbj+rK+uYyRMuwsVy0rMiVtPn+QJlKFvWP/1PYpapqYn0Me2knFn+A==

delayed-stream@~1.0.0:
  version "1.0.0"
  resolved "https://registry.npmjs.org/delayed-stream/-/delayed-stream-1.0.0.tgz"
  integrity sha512-ZySD7Nf91aLB0RxL4KGrKHBXl7Eds1DAmEdcoVawXnLD7SDhpNgtuII2aAkg7a7QS41jxPSZ17p4VdGnMHk3MQ==

follow-redirects@^1.15.6:
  version "1.15.6"
  resolved "https://registry.npmjs.org/follow-redirects/-/follow-redirects-1.15.6.tgz"
  integrity sha512-wWN62YITEaOpSK584EZXJafH1AGpO8RVgElfkuXbTOrPX4fIfOyEpW/CsiNd8JdYrAoOvafRTOEnvsO++qCqFA==

form-data@^4.0.0:
  version "4.0.0"
  resolved "https://registry.npmjs.org/form-data/-/form-data-4.0.0.tgz"
  integrity sha512-ETEklSGi5t0QMZuiXoA/Q6vcnxcLQP5vdugSpuAyi6SVGi2clPPp+xgEhuMaHC+zGgn31Kd235W35f7Hykkaww==
  dependencies:
    asynckit "^0.4.0"
    combined-stream "^1.0.8"
    mime-types "^2.1.12"

mime-db@1.52.0:
  version "1.52.0"
  resolved "https://registry.npmjs.org/mime-db/-/mime-db-1.52.0.tgz"
  integrity sha512-sPU4uV7dYlvtWJxwwxHD0PuihVNiE7TyAbQ5SWxDCB9mUYvOgroQOwYQQOKPJ8CIbE+1ETVlOoK1UC2nU3gYvg==

mime-types@^2.1.12:
  version "2.1.35"
  resolved "https://registry.npmjs.org/mime-types/-/mime-types-2.1.35.tgz"
  integrity sha512-ZDY+bPm5zTTF+YpCrAU9nK0UgICYPT0QtT1NZWFv4s++TNkcgVaT0g6+4R2uI4MjQjzysHB1zxuWL50hzaeXiw==
  dependencies:
    mime-db "1.52.0"

moment@^2.10.2:
  version "2.30.1"
  resolved "https://registry.npmjs.org/moment/-/moment-2.30.1.tgz"
  integrity sha512-uEmtNhbDOrWPFS+hdjFCBfy9f2YoyzRpwcl+DqpC6taX21FzsTLQVbMV/W7PzNSX6x/bhC1zA3c2UQ5NzH6how==

nanoid@^3.3.7:
  version "3.3.7"
  resolved "https://registry.npmjs.org/nanoid/-/nanoid-3.3.7.tgz"
  integrity sha512-eSRppjcPIatRIMC1U6UngP8XFcz8MQWGQdt1MTBQ7NaAmvXDfvNxbvWV3x2y6CdEUciCSsDHDQZbhYaB8QEo2g==

picocolors@^1.0.1:
  version "1.0.1"
  resolved "https://registry.npmjs.org/picocolors/-/picocolors-1.0.1.tgz"
  integrity sha512-anP1Z8qwhkbmu7MFP5iTt+wQKXgwzf7zTyGlcdzabySa9vd0Xt392U0rVmz9poOaBj0uHJKyyo9/upk0HrEQew==

postcss@^8.4.14:
  version "8.4.39"
  resolved "https://registry.npmjs.org/postcss/-/postcss-8.4.39.tgz"
  integrity sha512-0vzE+lAiG7hZl1/9I8yzKLx3aR9Xbof3fBHKunvMfOCYAtMhrsnccJY2iTURb9EZd5+pLuiNV9/c/GZJOHsgIw==
  dependencies:
    nanoid "^3.3.7"
    picocolors "^1.0.1"
    source-map-js "^1.2.0"

"prettier@^1.18.2 || ^2.0.0":
  version "2.8.8"
  resolved "https://registry.npmjs.org/prettier/-/prettier-2.8.8.tgz"
  integrity sha512-tdN8qQGvNjw4CHbY+XXk0JgCXn9QiF21a55rBe5LJAU+kDyC4WQn4+awm2Xfk2lQMk5fKup9XgzTZtGkjBdP9Q==

proxy-from-env@^1.1.0:
  version "1.1.0"
  resolved "https://registry.npmjs.org/proxy-from-env/-/proxy-from-env-1.1.0.tgz"
  integrity sha512-D+zkORCbA9f1tdWRK0RaCR3GPv50cMxcrz4X8k5LTSUD1Dkw47mKJEZQNunItRTkWwgtaUSo1RVFRIG9ZXiFYg==

regenerator-runtime@^0.14.0:
  version "0.14.1"
  resolved "https://registry.npmjs.org/regenerator-runtime/-/regenerator-runtime-0.14.1.tgz"
  integrity sha512-dYnhHh0nJoMfnkZs6GmmhFknAGRrLznOu5nc9ML+EJxGvrx6H7teuevqVqCuPcPK//3eDrrjQhehXVx9cnkGdw==

source-map-js@^1.2.0:
  version "1.2.0"
  resolved "https://registry.npmjs.org/source-map-js/-/source-map-js-1.2.0.tgz"
  integrity sha512-itJW8lvSA0TXEphiRoawsCksnlf8SyvmFzIhltqAHluXd88pkCd+cXJVHTDwdCr0IzwptSm035IHQktUu1QUMg==

source-map@^0.6.1:
  version "0.6.1"
  resolved "https://registry.npmjs.org/source-map/-/source-map-0.6.1.tgz"
  integrity sha512-UjgapumWlbMhkBgzT7Ykc5YXUT46F0iKu8SGXq0bcwP5dz/h0Plj6enJqjz1Zbq2l5WaqYnrVbwWOWMyF3F47g==

steamid@^2.0.0:
  version "2.0.0"
  resolved "https://registry.npmjs.org/steamid/-/steamid-2.0.0.tgz"
  integrity sha512-+BFJMbo+IxzyfovLR37E7APkaNfmrL3S+88T7wTMRHnQ6LBhzEawPnjfWNKM9eUL/dH45j+7vhSX4WaGXoa4/Q==

vue-chartjs@^3.5.1:
  version "3.5.1"
  resolved "https://registry.npmjs.org/vue-chartjs/-/vue-chartjs-3.5.1.tgz"
  integrity sha512-foocQbJ7FtveICxb4EV5QuVpo6d8CmZFmAopBppDIGKY+esJV8IJgwmEW0RexQhxqXaL/E1xNURsgFFYyKzS/g==
  dependencies:
    "@types/chart.js" "^2.7.55"

vue-countup-v2@^4.0.0:
  version "4.0.0"
  resolved "https://registry.npmjs.org/vue-countup-v2/-/vue-countup-v2-4.0.0.tgz"
  integrity sha512-XjKeHo1ndRlJtXvHd6B1eWOpbrJDdNU3rdYZwVPv2YlUXbvthsBT4kms5Fc/mn9RdXPrMX2H/ktAAQtKjWFisw==

vue-debounce@^4.0.0:
  version "4.0.1"
  resolved "https://registry.npmjs.org/vue-debounce/-/vue-debounce-4.0.1.tgz"
  integrity sha512-f2HeuLA5b9WY+cKVAU+ydwi9UHxgCWZQt/6HP/5QogthFwm/e+WMP5jpUq2WhEvnHisPkPMomYDRXDxc2AiQDw==

vue-meta@^2.4.0:
  version "2.4.0"
  resolved "https://registry.npmjs.org/vue-meta/-/vue-meta-2.4.0.tgz"
  integrity sha512-XEeZUmlVeODclAjCNpWDnjgw+t3WA6gdzs6ENoIAgwO1J1d5p1tezDhtteLUFwcaQaTtayRrsx7GL6oXp/m2Jw==
  dependencies:
    deepmerge "^4.2.2"

vue-router@^3.2.0:
  version "3.6.5"
  resolved "https://registry.npmjs.org/vue-router/-/vue-router-3.6.5.tgz"
  integrity sha512-VYXZQLtjuvKxxcshuRAwjHnciqZVoXAjTjcqBTz4rKc8qih9g9pI3hbDjmqXaHdgL3v8pV6P8Z335XvHzESxLQ==

vue@^2.6.11, "vue@>= 2.0.0", vue@~2, vue@latest:
  version "2.7.16"
  resolved "https://registry.npmjs.org/vue/-/vue-2.7.16.tgz"
  integrity sha512-4gCtFXaAA3zYZdTp5s4Hl2sozuySsgz4jy1EnpBHNfpMa9dK1ZCG7viqBPCwXtmgc8nHqUsAu3G4gtmXkkY3Sw==
  dependencies:
    "@vue/compiler-sfc" "2.7.16"
    csstype "^3.1.0"

vue2-animate@^2.1.3:
  version "2.1.4"
  resolved "https://registry.npmjs.org/vue2-animate/-/vue2-animate-2.1.4.tgz"
  integrity sha512-tIFHLxLYXwti0E3rJ7OeIUxTl+uVC8t9SYlD4aQ+gfgcheSu9yDbXklBNRIFxBmfNWDVpKQLMvGLxRrrCn3alw==
